lockfileVersion: '9.0'

settings:
  autoInstallPeers: true
  excludeLinksFromLockfile: false

importers:

  .:
    dependencies:
      '@noble/ed25519':
        specifier: ^2.1.0
        version: 2.3.0

packages:

  '@noble/ed25519@2.3.0':
    resolution: {integrity: sha512-M7dvXL2B92/M7dw9+gzuydL8qn/jiqNHaoR3Q+cb1q1GHV7uwE17WCyFMG+Y+TZb5izcaXk5TdJRrDUxHXL78A==}

snapshots:

  '@noble/ed25519@2.3.0': {}
