lockfileVersion: '9.0'

settings:
  autoInstallPeers: true
  excludeLinksFromLockfile: false

importers:

  .:
    dependencies:
      '@noble/ed25519':
        specifier: ^2.3.0
        version: 2.3.0
    devDependencies:
      typescript:
        specifier: ^5.7.0
        version: 5.9.3

packages:

  '@noble/ed25519@2.3.0':
    resolution: {integrity: sha512-M7dvXL2B92/M7dw9+gzuydL8qn/jiqNHaoR3Q+cb1q1GHV7uwE17WCyFMG+Y+TZb5izcaXk5TdJRrDUxHXL78A==}

  typescript@5.9.3:
    resolution: {integrity: sha512-jl1vZzPDinLr9eUt3J/t7V6FgNEw9QjvBPdysz9KfQDD41fQrC2Y4vKQdiaUpFT4bXlb1RHhLpp8wtm6M5TgSw==}
    engines: {node: '>=14.17'}
    hasBin: true

snapshots:

  '@noble/ed25519@2.3.0': {}

  typescript@5.9.3: {}
